PODS:
  - FlutterMacOS (1.0.0)
  - platform_device_id (0.0.1):
    - FlutterMacOS

DEPENDENCIES:
  - FlutterMacOS (from `Flutter/ephemeral/.symlinks/flutter/darwin-x64`)
  - platform_device_id (from `Flutter/ephemeral/.symlinks/plugins/platform_device_id/macos`)

EXTERNAL SOURCES:
  FlutterMacOS:
    :path: Flutter/ephemeral/.symlinks/flutter/darwin-x64
  platform_device_id:
    :path: Flutter/ephemeral/.symlinks/plugins/platform_device_id/macos

SPEC CHECKSUMS:
  FlutterMacOS: 15bea8a44d2fa024068daa0140371c020b4b6ff9
  platform_device_id: 507323d18d2556e51a3eb7a9c2176d1132204021

PODFILE CHECKSUM: d8ba9b3e9e93c62c74a660b46c6fcb09f03991a7

COCOAPODS: 1.9.1
